// !$*UTF8*$!
{
	archiveVersion = 1;
	classes = {
	};
	objectVersion = 46;
	objects = {

/* Begin PBXBuildFile section */
		D733FD121833F18600C31BA2 /* Foundation.framework in Frameworks */ = {isa = PBXBuildFile; fileRef = D733FD111833F18600C31BA2 /* Foundation.framework */; };
		D733FD141833F18600C31BA2 /* CoreGraphics.framework in Frameworks */ = {isa = PBXBuildFile; fileRef = D733FD131833F18600C31BA2 /* CoreGraphics.framework */; };
		D733FD161833F18600C31BA2 /* UIKit.framework in Frameworks */ = {isa = PBXBuildFile; fileRef = D733FD151833F18600C31BA2 /* UIKit.framework */; };
		D733FD1C1833F18600C31BA2 /* InfoPlist.strings in Resources */ = {isa = PBXBuildFile; fileRef = D733FD1A1833F18600C31BA2 /* InfoPlist.strings */; };
		D733FD1E1833F18600C31BA2 /* main.m in Sources */ = {isa = PBXBuildFile; fileRef = D733FD1D1833F18600C31BA2 /* main.m */; };
		D733FD221833F18600C31BA2 /* AppDelegate.m in Sources */ = {isa = PBXBuildFile; fileRef = D733FD211833F18600C31BA2 /* AppDelegate.m */; };
		D733FD251833F18600C31BA2 /* Main.storyboard in Resources */ = {isa = PBXBuildFile; fileRef = D733FD231833F18600C31BA2 /* Main.storyboard */; };
		D733FD281833F18600C31BA2 /* ViewController.m in Sources */ = {isa = PBXBuildFile; fileRef = D733FD271833F18600C31BA2 /* ViewController.m */; };
		D733FD2A1833F18600C31BA2 /* Images.xcassets in Resources */ = {isa = PBXBuildFile; fileRef = D733FD291833F18600C31BA2 /* Images.xcassets */; };
		D733FD311833F18600C31BA2 /* XCTest.framework in Frameworks */ = {isa = PBXBuildFile; fileRef = D733FD301833F18600C31BA2 /* XCTest.framework */; };
		D733FD321833F18600C31BA2 /* Foundation.framework in Frameworks */ = {isa = PBXBuildFile; fileRef = D733FD111833F18600C31BA2 /* Foundation.framework */; };
		D733FD331833F18600C31BA2 /* UIKit.framework in Frameworks */ = {isa = PBXBuildFile; fileRef = D733FD151833F18600C31BA2 /* UIKit.framework */; };
		D733FD3B1833F18600C31BA2 /* InfoPlist.strings in Resources */ = {isa = PBXBuildFile; fileRef = D733FD391833F18600C31BA2 /* InfoPlist.strings */; };
		D733FD3D1833F18600C31BA2 /* soundTests.m in Sources */ = {isa = PBXBuildFile; fileRef = D733FD3C1833F18600C31BA2 /* soundTests.m */; };
		D733FD471833F1DE00C31BA2 /* AVFoundation.framework in Frameworks */ = {isa = PBXBuildFile; fileRef = D733FD461833F1DE00C31BA2 /* AVFoundation.framework */; };
		D7ECC39E1833F8D500572F35 /* sound.caf in Resources */ = {isa = PBXBuildFile; fileRef = D733FD481833F76200C31BA2 /* sound.caf */; };
/* End PBXBuildFile section */

/* Begin PBXContainerItemProxy section */
		D733FD341833F18600C31BA2 /* PBXContainerItemProxy */ = {
			isa = PBXContainerItemProxy;
			containerPortal = D733FD061833F18600C31BA2 /* Project object */;
			proxyType = 1;
			remoteGlobalIDString = D733FD0D1833F18600C31BA2;
			remoteInfo = sound;
		};
/* End PBXContainerItemProxy section */

/* Begin PBXFileReference section */
		D733FD0E1833F18600C31BA2 /* sound.app */ = {isa = PBXFileReference; explicitFileType = wrapper.application; includeInIndex = 0; path = sound.app; sourceTree = BUILT_PRODUCTS_DIR; };
		D733FD111833F18600C31BA2 /* Foundation.framework */ = {isa = PBXFileReference; lastKnownFileType = wrapper.framework; name = Foundation.framework; path = System/Library/Frameworks/Foundation.framework; sourceTree = SDKROOT; };
		D733FD131833F18600C31BA2 /* CoreGraphics.framework */ = {isa = PBXFileReference; lastKnownFileType = wrapper.framework; name = CoreGraphics.framework; path = System/Library/Frameworks/CoreGraphics.framework; sourceTree = SDKROOT; };
		D733FD151833F18600C31BA2 /* UIKit.framework */ = {isa = PBXFileReference; lastKnownFileType = wrapper.framework; name = UIKit.framework; path = System/Library/Frameworks/UIKit.framework; sourceTree = SDKROOT; };
		D733FD191833F18600C31BA2 /* sound-Info.plist */ = {isa = PBXFileReference; lastKnownFileType = text.plist.xml; path = "sound-Info.plist"; sourceTree = "<group>"; };
		D733FD1B1833F18600C31BA2 /* en */ = {isa = PBXFileReference; lastKnownFileType = text.plist.strings; name = en; path = en.lproj/InfoPlist.strings; sourceTree = "<group>"; };
		D733FD1D1833F18600C31BA2 /* main.m */ = {isa = PBXFileReference; lastKnownFileType = sourcecode.c.objc; path = main.m; sourceTree = "<group>"; };
		D733FD1F1833F18600C31BA2 /* sound-Prefix.pch */ = {isa = PBXFileReference; lastKnownFileType = sourcecode.c.h; path = "sound-Prefix.pch"; sourceTree = "<group>"; };
		D733FD201833F18600C31BA2 /* AppDelegate.h */ = {isa = PBXFileReference; lastKnownFileType = sourcecode.c.h; path = AppDelegate.h; sourceTree = "<group>"; };
		D733FD211833F18600C31BA2 /* AppDelegate.m */ = {isa = PBXFileReference; lastKnownFileType = sourcecode.c.objc; path = AppDelegate.m; sourceTree = "<group>"; };
		D733FD241833F18600C31BA2 /* Base */ = {isa = PBXFileReference; lastKnownFileType = file.storyboard; name = Base; path = Base.lproj/Main.storyboard; sourceTree = "<group>"; };
		D733FD261833F18600C31BA2 /* ViewController.h */ = {isa = PBXFileReference; lastKnownFileType = sourcecode.c.h; path = ViewController.h; sourceTree = "<group>"; };
		D733FD271833F18600C31BA2 /* ViewController.m */ = {isa = PBXFileReference; lastKnownFileType = sourcecode.c.objc; path = ViewController.m; sourceTree = "<group>"; };
		D733FD291833F18600C31BA2 /* Images.xcassets */ = {isa = PBXFileReference; lastKnownFileType = folder.assetcatalog; path = Images.xcassets; sourceTree = "<group>"; };
		D733FD2F1833F18600C31BA2 /* soundTests.xctest */ = {isa = PBXFileReference; explicitFileType = wrapper.cfbundle; includeInIndex = 0; path = soundTests.xctest; sourceTree = BUILT_PRODUCTS_DIR; };
		D733FD301833F18600C31BA2 /* XCTest.framework */ = {isa = PBXFileReference; lastKnownFileType = wrapper.framework; name = XCTest.framework; path = Library/Frameworks/XCTest.framework; sourceTree = DEVELOPER_DIR; };
		D733FD381833F18600C31BA2 /* soundTests-Info.plist */ = {isa = PBXFileReference; lastKnownFileType = text.plist.xml; path = "soundTests-Info.plist"; sourceTree = "<group>"; };
		D733FD3A1833F18600C31BA2 /* en */ = {isa = PBXFileReference; lastKnownFileType = text.plist.strings; name = en; path = en.lproj/InfoPlist.strings; sourceTree = "<group>"; };
		D733FD3C1833F18600C31BA2 /* soundTests.m */ = {isa = PBXFileReference; lastKnownFileType = sourcecode.c.objc; path = soundTests.m; sourceTree = "<group>"; };
		D733FD461833F1DE00C31BA2 /* AVFoundation.framework */ = {isa = PBXFileReference; lastKnownFileType = wrapper.framework; name = AVFoundation.framework; path = System/Library/Frameworks/AVFoundation.framework; sourceTree = SDKROOT; };
		D733FD481833F76200C31BA2 /* sound.caf */ = {isa = PBXFileReference; lastKnownFileType = file; path = sound.caf; sourceTree = "<group>"; };
/* End PBXFileReference section */

/* Begin PBXFrameworksBuildPhase section */
		D733FD0B1833F18600C31BA2 /* Frameworks */ = {
			isa = PBXFrameworksBuildPhase;
			buildActionMask = 2147483647;
			files = (
				D733FD471833F1DE00C31BA2 /* AVFoundation.framework in Frameworks */,
				D733FD141833F18600C31BA2 /* CoreGraphics.framework in Frameworks */,
				D733FD161833F18600C31BA2 /* UIKit.framework in Frameworks */,
				D733FD121833F18600C31BA2 /* Foundation.framework in Frameworks */,
			);
			runOnlyForDeploymentPostprocessing = 0;
		};
		D733FD2C1833F18600C31BA2 /* Frameworks */ = {
			isa = PBXFrameworksBuildPhase;
			buildActionMask = 2147483647;
			files = (
				D733FD311833F18600C31BA2 /* XCTest.framework in Frameworks */,
				D733FD331833F18600C31BA2 /* UIKit.framework in Frameworks */,
				D733FD321833F18600C31BA2 /* Foundation.framework in Frameworks */,
			);
			runOnlyForDeploymentPostprocessing = 0;
		};
/* End PBXFrameworksBuildPhase section */

/* Begin PBXGroup section */
		D733FD051833F18600C31BA2 = {
			isa = PBXGroup;
			children = (
				D733FD171833F18600C31BA2 /* sound */,
				D733FD361833F18600C31BA2 /* soundTests */,
				D733FD101833F18600C31BA2 /* Frameworks */,
				D733FD0F1833F18600C31BA2 /* Products */,
			);
			sourceTree = "<group>";
		};
		D733FD0F1833F18600C31BA2 /* Products */ = {
			isa = PBXGroup;
			children = (
				D733FD0E1833F18600C31BA2 /* sound.app */,
				D733FD2F1833F18600C31BA2 /* soundTests.xctest */,
			);
			name = Products;
			sourceTree = "<group>";
		};
		D733FD101833F18600C31BA2 /* Frameworks */ = {
			isa = PBXGroup;
			children = (
				D733FD461833F1DE00C31BA2 /* AVFoundation.framework */,
				D733FD111833F18600C31BA2 /* Foundation.framework */,
				D733FD131833F18600C31BA2 /* CoreGraphics.framework */,
				D733FD151833F18600C31BA2 /* UIKit.framework */,
				D733FD301833F18600C31BA2 /* XCTest.framework */,
			);
			name = Frameworks;
			sourceTree = "<group>";
		};
		D733FD171833F18600C31BA2 /* sound */ = {
			isa = PBXGroup;
			children = (
				D733FD481833F76200C31BA2 /* sound.caf */,
				D733FD201833F18600C31BA2 /* AppDelegate.h */,
				D733FD211833F18600C31BA2 /* AppDelegate.m */,
				D733FD231833F18600C31BA2 /* Main.storyboard */,
				D733FD261833F18600C31BA2 /* ViewController.h */,
				D733FD271833F18600C31BA2 /* ViewController.m */,
				D733FD291833F18600C31BA2 /* Images.xcassets */,
				D733FD181833F18600C31BA2 /* Supporting Files */,
			);
			path = sound;
			sourceTree = "<group>";
		};
		D733FD181833F18600C31BA2 /* Supporting Files */ = {
			isa = PBXGroup;
			children = (
				D733FD191833F18600C31BA2 /* sound-Info.plist */,
				D733FD1A1833F18600C31BA2 /* InfoPlist.strings */,
				D733FD1D1833F18600C31BA2 /* main.m */,
				D733FD1F1833F18600C31BA2 /* sound-Prefix.pch */,
			);
			name = "Supporting Files";
			sourceTree = "<group>";
		};
		D733FD361833F18600C31BA2 /* soundTests */ = {
			isa = PBXGroup;
			children = (
				D733FD3C1833F18600C31BA2 /* soundTests.m */,
				D733FD371833F18600C31BA2 /* Supporting Files */,
			);
			path = soundTests;
			sourceTree = "<group>";
		};
		D733FD371833F18600C31BA2 /* Supporting Files */ = {
			isa = PBXGroup;
			children = (
				D733FD381833F18600C31BA2 /* soundTests-Info.plist */,
				D733FD391833F18600C31BA2 /* InfoPlist.strings */,
			);
			name = "Supporting Files";
			sourceTree = "<group>";
		};
/* End PBXGroup section */

/* Begin PBXNativeTarget section */
		D733FD0D1833F18600C31BA2 /* sound */ = {
			isa = PBXNativeTarget;
			buildConfigurationList = D733FD401833F18600C31BA2 /* Build configuration list for PBXNativeTarget "sound" */;
			buildPhases = (
				D733FD0A1833F18600C31BA2 /* Sources */,
				D733FD0B1833F18600C31BA2 /* Frameworks */,
				D733FD0C1833F18600C31BA2 /* Resources */,
			);
			buildRules = (
			);
			dependencies = (
			);
			name = sound;
			productName = sound;
			productReference = D733FD0E1833F18600C31BA2 /* sound.app */;
			productType = "com.apple.product-type.application";
		};
		D733FD2E1833F18600C31BA2 /* soundTests */ = {
			isa = PBXNativeTarget;
			buildConfigurationList = D733FD431833F18600C31BA2 /* Build configuration list for PBXNativeTarget "soundTests" */;
			buildPhases = (
				D733FD2B1833F18600C31BA2 /* Sources */,
				D733FD2C1833F18600C31BA2 /* Frameworks */,
				D733FD2D1833F18600C31BA2 /* Resources */,
			);
			buildRules = (
			);
			dependencies = (
				D733FD351833F18600C31BA2 /* PBXTargetDependency */,
			);
			name = soundTests;
			productName = soundTests;
			productReference = D733FD2F1833F18600C31BA2 /* soundTests.xctest */;
			productType = "com.apple.product-type.bundle.unit-test";
		};
/* End PBXNativeTarget section */

/* Begin PBXProject section */
		D733FD061833F18600C31BA2 /* Project object */ = {
			isa = PBXProject;
			attributes = {
				LastUpgradeCheck = 0500;
				ORGANIZATIONNAME = "Gabriel Massana";
				TargetAttributes = {
					D733FD2E1833F18600C31BA2 = {
						TestTargetID = D733FD0D1833F18600C31BA2;
					};
				};
			};
			buildConfigurationList = D733FD091833F18600C31BA2 /* Build configuration list for PBXProject "sound" */;
			compatibilityVersion = "Xcode 3.2";
			developmentRegion = English;
			hasScannedForEncodings = 0;
			knownRegions = (
				en,
				Base,
			);
			mainGroup = D733FD051833F18600C31BA2;
			productRefGroup = D733FD0F1833F18600C31BA2 /* Products */;
			projectDirPath = "";
			projectRoot = "";
			targets = (
				D733FD0D1833F18600C31BA2 /* sound */,
				D733FD2E1833F18600C31BA2 /* soundTests */,
			);
		};
/* End PBXProject section */

/* Begin PBXResourcesBuildPhase section */
		D733FD0C1833F18600C31BA2 /* Resources */ = {
			isa = PBXResourcesBuildPhase;
			buildActionMask = 2147483647;
			files = (
				D7ECC39E1833F8D500572F35 /* sound.caf in Resources */,
				D733FD2A1833F18600C31BA2 /* Images.xcassets in Resources */,
				D733FD1C1833F18600C31BA2 /* InfoPlist.strings in Resources */,
				D733FD251833F18600C31BA2 /* Main.storyboard in Resources */,
			);
			runOnlyForDeploymentPostprocessing = 0;
		};
		D733FD2D1833F18600C31BA2 /* Resources */ = {
			isa = PBXResourcesBuildPhase;
			buildActionMask = 2147483647;
			files = (
				D733FD3B1833F18600C31BA2 /* InfoPlist.strings in Resources */,
			);
			runOnlyForDeploymentPostprocessing = 0;
		};
/* End PBXResourcesBuildPhase section */

/* Begin PBXSourcesBuildPhase section */
		D733FD0A1833F18600C31BA2 /* Sources */ = {
			isa = PBXSourcesBuildPhase;
			buildActionMask = 2147483647;
			files = (
				D733FD281833F18600C31BA2 /* ViewController.m in Sources */,
				D733FD221833F18600C31BA2 /* AppDelegate.m in Sources */,
				D733FD1E1833F18600C31BA2 /* main.m in Sources */,
			);
			runOnlyForDeploymentPostprocessing = 0;
		};
		D733FD2B1833F18600C31BA2 /* Sources */ = {
			isa = PBXSourcesBuildPhase;
			buildActionMask = 2147483647;
			files = (
				D733FD3D1833F18600C31BA2 /* soundTests.m in Sources */,
			);
			runOnlyForDeploymentPostprocessing = 0;
		};
/* End PBXSourcesBuildPhase section */

/* Begin PBXTargetDependency section */
		D733FD351833F18600C31BA2 /* PBXTargetDependency */ = {
			isa = PBXTargetDependency;
			target = D733FD0D1833F18600C31BA2 /* sound */;
			targetProxy = D733FD341833F18600C31BA2 /* PBXContainerItemProxy */;
		};
/* End PBXTargetDependency section */

/* Begin PBXVariantGroup section */
		D733FD1A1833F18600C31BA2 /* InfoPlist.strings */ = {
			isa = PBXVariantGroup;
			children = (
				D733FD1B1833F18600C31BA2 /* en */,
			);
			name = InfoPlist.strings;
			sourceTree = "<group>";
		};
		D733FD231833F18600C31BA2 /* Main.storyboard */ = {
			isa = PBXVariantGroup;
			children = (
				D733FD241833F18600C31BA2 /* Base */,
			);
			name = Main.storyboard;
			sourceTree = "<group>";
		};
		D733FD391833F18600C31BA2 /* InfoPlist.strings */ = {
			isa = PBXVariantGroup;
			children = (
				D733FD3A1833F18600C31BA2 /* en */,
			);
			name = InfoPlist.strings;
			sourceTree = "<group>";
		};
/* End PBXVariantGroup section */

/* Begin XCBuildConfiguration section */
		D733FD3E1833F18600C31BA2 /* Debug */ = {
			isa = XCBuildConfiguration;
			buildSettings = {
				ALWAYS_SEARCH_USER_PATHS = NO;
				ARCHS = "$(ARCHS_STANDARD_INCLUDING_64_BIT)";
				CLANG_CXX_LANGUAGE_STANDARD = "gnu++0x";
				CLANG_CXX_LIBRARY = "libc++";
				CLANG_ENABLE_MODULES = YES;
				CLANG_ENABLE_OBJC_ARC = YES;
				CLANG_WARN_BOOL_CONVERSION = YES;
				CLANG_WARN_CONSTANT_CONVERSION = YES;
				CLANG_WARN_DIRECT_OBJC_ISA_USAGE = YES_ERROR;
				CLANG_WARN_EMPTY_BODY = YES;
				CLANG_WARN_ENUM_CONVERSION = YES;
				CLANG_WARN_INT_CONVERSION = YES;
				CLANG_WARN_OBJC_ROOT_CLASS = YES_ERROR;
				CLANG_WARN__DUPLICATE_METHOD_MATCH = YES;
				"CODE_SIGN_IDENTITY[sdk=iphoneos*]" = "iPhone Developer";
				COPY_PHASE_STRIP = NO;
				GCC_C_LANGUAGE_STANDARD = gnu99;
				GCC_DYNAMIC_NO_PIC = NO;
				GCC_OPTIMIZATION_LEVEL = 0;
				GCC_PREPROCESSOR_DEFINITIONS = (
					"DEBUG=1",
					"$(inherited)",
				);
				GCC_SYMBOLS_PRIVATE_EXTERN = NO;
				GCC_WARN_64_TO_32_BIT_CONVERSION = YES;
				GCC_WARN_ABOUT_RETURN_TYPE = YES_ERROR;
				GCC_WARN_UNDECLARED_SELECTOR = YES;
				GCC_WARN_UNINITIALIZED_AUTOS = YES;
				GCC_WARN_UNUSED_FUNCTION = YES;
				GCC_WARN_UNUSED_VARIABLE = YES;
				IPHONEOS_DEPLOYMENT_TARGET = 7.0;
				ONLY_ACTIVE_ARCH = YES;
				SDKROOT = iphoneos;
			};
			name = Debug;
		};
		D733FD3F1833F18600C31BA2 /* Release */ = {
			isa = XCBuildConfiguration;
			buildSettings = {
				ALWAYS_SEARCH_USER_PATHS = NO;
				ARCHS = "$(ARCHS_STANDARD_INCLUDING_64_BIT)";
				CLANG_CXX_LANGUAGE_STANDARD = "gnu++0x";
				CLANG_CXX_LIBRARY = "libc++";
				CLANG_ENABLE_MODULES = YES;
				CLANG_ENABLE_OBJC_ARC = YES;
				CLANG_WARN_BOOL_CONVERSION = YES;
				CLANG_WARN_CONSTANT_CONVERSION = YES;
				CLANG_WARN_DIRECT_OBJC_ISA_USAGE = YES_ERROR;
				CLANG_WARN_EMPTY_BODY = YES;
				CLANG_WARN_ENUM_CONVERSION = YES;
				CLANG_WARN_INT_CONVERSION = YES;
				CLANG_WARN_OBJC_ROOT_CLASS = YES_ERROR;
				CLANG_WARN__DUPLICATE_METHOD_MATCH = YES;
				"CODE_SIGN_IDENTITY[sdk=iphoneos*]" = "iPhone Developer";
				COPY_PHASE_STRIP = YES;
				ENABLE_NS_ASSERTIONS = NO;
				GCC_C_LANGUAGE_STANDARD = gnu99;
				GCC_WARN_64_TO_32_BIT_CONVERSION = YES;
				GCC_WARN_ABOUT_RETURN_TYPE = YES_ERROR;
				GCC_WARN_UNDECLARED_SELECTOR = YES;
				GCC_WARN_UNINITIALIZED_AUTOS = YES;
				GCC_WARN_UNUSED_FUNCTION = YES;
				GCC_WARN_UNUSED_VARIABLE = YES;
				IPHONEOS_DEPLOYMENT_TARGET = 7.0;
				SDKROOT = iphoneos;
				VALIDATE_PRODUCT = YES;
			};
			name = Release;
		};
		D733FD411833F18600C31BA2 /* Debug */ = {
			isa = XCBuildConfiguration;
			buildSettings = {
				ASSETCATALOG_COMPILER_APPICON_NAME = AppIcon;
				ASSETCATALOG_COMPILER_LAUNCHIMAGE_NAME = LaunchImage;
				GCC_PRECOMPILE_PREFIX_HEADER = YES;
				GCC_PREFIX_HEADER = "sound/sound-Prefix.pch";
				INFOPLIST_FILE = "sound/sound-Info.plist";
				PRODUCT_NAME = "$(TARGET_NAME)";
				WRAPPER_EXTENSION = app;
			};
			name = Debug;
		};
		D733FD421833F18600C31BA2 /* Release */ = {
			isa = XCBuildConfiguration;
			buildSettings = {
				ASSETCATALOG_COMPILER_APPICON_NAME = AppIcon;
				ASSETCATALOG_COMPILER_LAUNCHIMAGE_NAME = LaunchImage;
				GCC_PRECOMPILE_PREFIX_HEADER = YES;
				GCC_PREFIX_HEADER = "sound/sound-Prefix.pch";
				INFOPLIST_FILE = "sound/sound-Info.plist";
				PRODUCT_NAME = "$(TARGET_NAME)";
				WRAPPER_EXTENSION = app;
			};
			name = Release;
		};
		D733FD441833F18600C31BA2 /* Debug */ = {
			isa = XCBuildConfiguration;
			buildSettings = {
				ARCHS = "$(ARCHS_STANDARD_INCLUDING_64_BIT)";
				BUNDLE_LOADER = "$(BUILT_PRODUCTS_DIR)/sound.app/sound";
				FRAMEWORK_SEARCH_PATHS = (
					"$(SDKROOT)/Developer/Library/Frameworks",
					"$(inherited)",
					"$(DEVELOPER_FRAMEWORKS_DIR)",
				);
				GCC_PRECOMPILE_PREFIX_HEADER = YES;
				GCC_PREFIX_HEADER = "sound/sound-Prefix.pch";
				GCC_PREPROCESSOR_DEFINITIONS = (
					"DEBUG=1",
					"$(inherited)",
				);
				INFOPLIST_FILE = "soundTests/soundTests-Info.plist";
				PRODUCT_NAME = "$(TARGET_NAME)";
				TEST_HOST = "$(BUNDLE_LOADER)";
				WRAPPER_EXTENSION = xctest;
			};
			name = Debug;
		};
		D733FD451833F18600C31BA2 /* Release */ = {
			isa = XCBuildConfiguration;
			buildSettings = {
				ARCHS = "$(ARCHS_STANDARD_INCLUDING_64_BIT)";
				BUNDLE_LOADER = "$(BUILT_PRODUCTS_DIR)/sound.app/sound";
				FRAMEWORK_SEARCH_PATHS = (
					"$(SDKROOT)/Developer/Library/Frameworks",
					"$(inherited)",
					"$(DEVELOPER_FRAMEWORKS_DIR)",
				);
				GCC_PRECOMPILE_PREFIX_HEADER = YES;
				GCC_PREFIX_HEADER = "sound/sound-Prefix.pch";
				INFOPLIST_FILE = "soundTests/soundTests-Info.plist";
				PRODUCT_NAME = "$(TARGET_NAME)";
				TEST_HOST = "$(BUNDLE_LOADER)";
				WRAPPER_EXTENSION = xctest;
			};
			name = Release;
		};
/* End XCBuildConfiguration section */

/* Begin XCConfigurationList section */
		D733FD091833F18600C31BA2 /* Build configuration list for PBXProject "sound" */ = {
			isa = XCConfigurationList;
			buildConfigurations = (
				D733FD3E1833F18600C31BA2 /* Debug */,
				D733FD3F1833F18600C31BA2 /* Release */,
			);
			defaultConfigurationIsVisible = 0;
			defaultConfigurationName = Release;
		};
		D733FD401833F18600C31BA2 /* Build configuration list for PBXNativeTarget "sound" */ = {
			isa = XCConfigurationList;
			buildConfigurations = (
				D733FD411833F18600C31BA2 /* Debug */,
				D733FD421833F18600C31BA2 /* Release */,
			);
			defaultConfigurationIsVisible = 0;
			defaultConfigurationName = Release;
		};
		D733FD431833F18600C31BA2 /* Build configuration list for PBXNativeTarget "soundTests" */ = {
			isa = XCConfigurationList;
			buildConfigurations = (
				D733FD441833F18600C31BA2 /* Debug */,
				D733FD451833F18600C31BA2 /* Release */,
			);
			defaultConfigurationIsVisible = 0;
			defaultConfigurationName = Release;
		};
/* End XCConfigurationList section */
	};
	rootObject = D733FD061833F18600C31BA2 /* Project object */;
}
